
Microsoft Visual Studio Solution File, Format Version 12.00
# Visual Studio Version 17
VisualStudioVersion = 17.13.35919.96
MinimumVisualStudioVersion = 10.0.40219.1
Project("{FAE04EC0-301F-11D3-BF4B-00C04F79EFBC}") = "HotPot", "HotPot\HotPot.csproj", "{FA3F0A9C-ED6E-4A44-A745-EB6082652E22}"
EndProject
Project("{FAE04EC0-301F-11D3-BF4B-00C04F79EFBC}") = "HotpotTest", "HotpotTest\HotpotTest.csproj", "{89FF2932-17F8-4094-A355-0094AE012CF3}"
EndProject
Global
	GlobalSection(SolutionConfigurationPlatforms) = preSolution
		Debug|Any CPU = Debug|Any CPU
		Release|Any CPU = Release|Any CPU
	EndGlobalSection
	GlobalSection(ProjectConfigurationPlatforms) = postSolution
		{FA3F0A9C-ED6E-4A44-A745-EB6082652E22}.Debug|Any CPU.ActiveCfg = Debug|Any CPU
		{FA3F0A9C-ED6E-4A44-A745-EB6082652E22}.Debug|Any CPU.Build.0 = Debug|Any CPU
		{FA3F0A9C-ED6E-4A44-A745-EB6082652E22}.Release|Any CPU.ActiveCfg = Release|Any CPU
		{FA3F0A9C-ED6E-4A44-A745-EB6082652E22}.Release|Any CPU.Build.0 = Release|Any CPU
		{89FF2932-17F8-4094-A355-0094AE012CF3}.Debug|Any CPU.ActiveCfg = Debug|Any CPU
		{89FF2932-17F8-4094-A355-0094AE012CF3}.Debug|Any CPU.Build.0 = Debug|Any CPU
		{89FF2932-17F8-4094-A355-0094AE012CF3}.Release|Any CPU.ActiveCfg = Release|Any CPU
		{89FF2932-17F8-4094-A355-0094AE012CF3}.Release|Any CPU.Build.0 = Release|Any CPU
	EndGlobalSection
	GlobalSection(SolutionProperties) = preSolution
		HideSolutionNode = FALSE
	EndGlobalSection
	GlobalSection(ExtensibilityGlobals) = postSolution
		SolutionGuid = {97A19296-20E3-45C0-A959-8E4C5F8819C2}
	EndGlobalSection
EndGlobal
